
Microsoft Visual Studio Solution File, Format Version 12.00
# Visual Studio 15
VisualStudioVersion = 15.0.28307.438
MinimumVisualStudioVersion = 10.0.40219.1
Project("{8BC9CEB8-8B4A-11D0-8D11-00A0C91BC942}") = "AppStatic", "ConsoleApplication1\ConsoleApplication1.vcxproj", "{6D50E115-8FB0-4994-BD10-1F8DD14C407E}"
	ProjectSection(ProjectDependencies) = postProject
		{2E567EF9-2D81-4DB6-BFD8-6507826D7955} = {2E567EF9-2D81-4DB6-BFD8-6507826D7955}
	EndProjectSection
EndProject
Project("{8BC9CEB8-8B4A-11D0-8D11-00A0C91BC942}") = "AppDynamic", "ConsoleApplication2\ConsoleApplication2.vcxproj", "{CF45E130-9D2F-4586-AA38-F154DA393B80}"
	ProjectSection(ProjectDependencies) = postProject
		{9C683659-4D13-44F5-8A20-5E5C356608FA} = {9C683659-4D13-44F5-8A20-5E5C356608FA}
	EndProjectSection
EndProject
Project("{8BC9CEB8-8B4A-11D0-8D11-00A0C91BC942}") = "MyLibDLL", "MyLibDLL\MyLibDLL.vcxproj", "{9C683659-4D13-44F5-8A20-5E5C356608FA}"
EndProject
Project("{8BC9CEB8-8B4A-11D0-8D11-00A0C91BC942}") = "MyLibStatic", "MyLibStatic\MyLibStatic.vcxproj", "{2E567EF9-2D81-4DB6-BFD8-6507826D7955}"
EndProject
Global
	GlobalSection(SolutionConfigurationPlatforms) = preSolution
		Debug|x86 = Debug|x86
		Release|x86 = Release|x86
		ReleaseWholeProgOptim|x86 = ReleaseWholeProgOptim|x86
	EndGlobalSection
	GlobalSection(ProjectConfigurationPlatforms) = postSolution
		{6D50E115-8FB0-4994-BD10-1F8DD14C407E}.Debug|x86.ActiveCfg = Debug|Win32
		{6D50E115-8FB0-4994-BD10-1F8DD14C407E}.Debug|x86.Build.0 = Debug|Win32
		{6D50E115-8FB0-4994-BD10-1F8DD14C407E}.Release|x86.ActiveCfg = Release|Win32
		{6D50E115-8FB0-4994-BD10-1F8DD14C407E}.Release|x86.Build.0 = Release|Win32
		{6D50E115-8FB0-4994-BD10-1F8DD14C407E}.ReleaseWholeProgOptim|x86.ActiveCfg = ReleaseWholeProgOptim|Win32
		{6D50E115-8FB0-4994-BD10-1F8DD14C407E}.ReleaseWholeProgOptim|x86.Build.0 = ReleaseWholeProgOptim|Win32
		{CF45E130-9D2F-4586-AA38-F154DA393B80}.Debug|x86.ActiveCfg = Debug|Win32
		{CF45E130-9D2F-4586-AA38-F154DA393B80}.Debug|x86.Build.0 = Debug|Win32
		{CF45E130-9D2F-4586-AA38-F154DA393B80}.Release|x86.ActiveCfg = Release|Win32
		{CF45E130-9D2F-4586-AA38-F154DA393B80}.Release|x86.Build.0 = Release|Win32
		{CF45E130-9D2F-4586-AA38-F154DA393B80}.ReleaseWholeProgOptim|x86.ActiveCfg = ReleaseWholeProgOptim|Win32
		{CF45E130-9D2F-4586-AA38-F154DA393B80}.ReleaseWholeProgOptim|x86.Build.0 = ReleaseWholeProgOptim|Win32
		{9C683659-4D13-44F5-8A20-5E5C356608FA}.Debug|x86.ActiveCfg = Debug|Win32
		{9C683659-4D13-44F5-8A20-5E5C356608FA}.Debug|x86.Build.0 = Debug|Win32
		{9C683659-4D13-44F5-8A20-5E5C356608FA}.Release|x86.ActiveCfg = Release|Win32
		{9C683659-4D13-44F5-8A20-5E5C356608FA}.Release|x86.Build.0 = Release|Win32
		{9C683659-4D13-44F5-8A20-5E5C356608FA}.ReleaseWholeProgOptim|x86.ActiveCfg = ReleaseWholeProgOptim|Win32
		{9C683659-4D13-44F5-8A20-5E5C356608FA}.ReleaseWholeProgOptim|x86.Build.0 = ReleaseWholeProgOptim|Win32
		{2E567EF9-2D81-4DB6-BFD8-6507826D7955}.Debug|x86.ActiveCfg = Debug|Win32
		{2E567EF9-2D81-4DB6-BFD8-6507826D7955}.Debug|x86.Build.0 = Debug|Win32
		{2E567EF9-2D81-4DB6-BFD8-6507826D7955}.Release|x86.ActiveCfg = Release|Win32
		{2E567EF9-2D81-4DB6-BFD8-6507826D7955}.Release|x86.Build.0 = Release|Win32
		{2E567EF9-2D81-4DB6-BFD8-6507826D7955}.ReleaseWholeProgOptim|x86.ActiveCfg = ReleaseWholeProgOptim|Win32
		{2E567EF9-2D81-4DB6-BFD8-6507826D7955}.ReleaseWholeProgOptim|x86.Build.0 = ReleaseWholeProgOptim|Win32
	EndGlobalSection
	GlobalSection(SolutionProperties) = preSolution
		HideSolutionNode = FALSE
	EndGlobalSection
	GlobalSection(ExtensibilityGlobals) = postSolution
		SolutionGuid = {352711A0-0A56-4E67-8B5A-C96810CCE156}
	EndGlobalSection
EndGlobal
